
Microsoft Visual Studio Solution File, Format Version 12.00
# Visual Studio Version 17
VisualStudioVersion = 17.4.33213.308
MinimumVisualStudioVersion = 10.0.40219.1
Project("{FAE04EC0-301F-11D3-BF4B-00C04F79EFBC}") = "PDC03_MODULE02.Android", "PDC03_MODULE02\PDC03_MODULE02.Android\PDC03_MODULE02.Android.csproj", "{8F066231-7669-4A30-9B77-201E8DD803B7}"
EndProject
Project("{FAE04EC0-301F-11D3-BF4B-00C04F79EFBC}") = "PDC03_MODULE02.iOS", "PDC03_MODULE02\PDC03_MODULE02.iOS\PDC03_MODULE02.iOS.csproj", "{F8127946-56F0-4E6A-BC7C-8D74E5E9F26F}"
EndProject
Project("{FAE04EC0-301F-11D3-BF4B-00C04F79EFBC}") = "PDC03_MODULE02", "PDC03_MODULE02\PDC03_MODULE02\PDC03_MODULE02.csproj", "{F3BF0A41-192A-46C7-A7A4-241975B48128}"
EndProject
Global
	GlobalSection(SolutionConfigurationPlatforms) = preSolution
		Debug|Any CPU = Debug|Any CPU
		Debug|iPhone = Debug|iPhone
		Debug|iPhoneSimulator = Debug|iPhoneSimulator
		Release|Any CPU = Release|Any CPU
		Release|iPhone = Release|iPhone
		Release|iPhoneSimulator = Release|iPhoneSimulator
	EndGlobalSection
	GlobalSection(ProjectConfigurationPlatforms) = postSolution
		{8F066231-7669-4A30-9B77-201E8DD803B7}.Debug|Any CPU.ActiveCfg = Debug|Any CPU
		{8F066231-7669-4A30-9B77-201E8DD803B7}.Debug|Any CPU.Build.0 = Debug|Any CPU
		{8F066231-7669-4A30-9B77-201E8DD803B7}.Debug|Any CPU.Deploy.0 = Debug|Any CPU
		{8F066231-7669-4A30-9B77-201E8DD803B7}.Debug|iPhone.ActiveCfg = Debug|Any CPU
		{8F066231-7669-4A30-9B77-201E8DD803B7}.Debug|iPhone.Build.0 = Debug|Any CPU
		{8F066231-7669-4A30-9B77-201E8DD803B7}.Debug|iPhone.Deploy.0 = Debug|Any CPU
		{8F066231-7669-4A30-9B77-201E8DD803B7}.Debug|iPhoneSimulator.ActiveCfg = Debug|Any CPU
		{8F066231-7669-4A30-9B77-201E8DD803B7}.Debug|iPhoneSimulator.Build.0 = Debug|Any CPU
		{8F066231-7669-4A30-9B77-201E8DD803B7}.Debug|iPhoneSimulator.Deploy.0 = Debug|Any CPU
		{8F066231-7669-4A30-9B77-201E8DD803B7}.Release|Any CPU.ActiveCfg = Release|Any CPU
		{8F066231-7669-4A30-9B77-201E8DD803B7}.Release|Any CPU.Build.0 = Release|Any CPU
		{8F066231-7669-4A30-9B77-201E8DD803B7}.Release|Any CPU.Deploy.0 = Release|Any CPU
		{8F066231-7669-4A30-9B77-201E8DD803B7}.Release|iPhone.ActiveCfg = Release|Any CPU
		{8F066231-7669-4A30-9B77-201E8DD803B7}.Release|iPhone.Build.0 = Release|Any CPU
		{8F066231-7669-4A30-9B77-201E8DD803B7}.Release|iPhone.Deploy.0 = Release|Any CPU
		{8F066231-7669-4A30-9B77-201E8DD803B7}.Release|iPhoneSimulator.ActiveCfg = Release|Any CPU
		{8F066231-7669-4A30-9B77-201E8DD803B7}.Release|iPhoneSimulator.Build.0 = Release|Any CPU
		{8F066231-7669-4A30-9B77-201E8DD803B7}.Release|iPhoneSimulator.Deploy.0 = Release|Any CPU
		{F8127946-56F0-4E6A-BC7C-8D74E5E9F26F}.Debug|Any CPU.ActiveCfg = Debug|iPhone
		{F8127946-56F0-4E6A-BC7C-8D74E5E9F26F}.Debug|Any CPU.Build.0 = Debug|iPhone
		{F8127946-56F0-4E6A-BC7C-8D74E5E9F26F}.Debug|Any CPU.Deploy.0 = Debug|iPhone
		{F8127946-56F0-4E6A-BC7C-8D74E5E9F26F}.Debug|iPhone.ActiveCfg = Debug|iPhone
		{F8127946-56F0-4E6A-BC7C-8D74E5E9F26F}.Debug|iPhone.Build.0 = Debug|iPhone
		{F8127946-56F0-4E6A-BC7C-8D74E5E9F26F}.Debug|iPhone.Deploy.0 = Debug|iPhone
		{F8127946-56F0-4E6A-BC7C-8D74E5E9F26F}.Debug|iPhoneSimulator.ActiveCfg = Debug|iPhoneSimulator
		{F8127946-56F0-4E6A-BC7C-8D74E5E9F26F}.Debug|iPhoneSimulator.Build.0 = Debug|iPhoneSimulator
		{F8127946-56F0-4E6A-BC7C-8D74E5E9F26F}.Debug|iPhoneSimulator.Deploy.0 = Debug|iPhoneSimulator
		{F8127946-56F0-4E6A-BC7C-8D74E5E9F26F}.Release|Any CPU.ActiveCfg = Release|iPhoneSimulator
		{F8127946-56F0-4E6A-BC7C-8D74E5E9F26F}.Release|Any CPU.Build.0 = Release|iPhoneSimulator
		{F8127946-56F0-4E6A-BC7C-8D74E5E9F26F}.Release|Any CPU.Deploy.0 = Release|iPhoneSimulator
		{F8127946-56F0-4E6A-BC7C-8D74E5E9F26F}.Release|iPhone.ActiveCfg = Release|iPhone
		{F8127946-56F0-4E6A-BC7C-8D74E5E9F26F}.Release|iPhone.Build.0 = Release|iPhone
		{F8127946-56F0-4E6A-BC7C-8D74E5E9F26F}.Release|iPhone.Deploy.0 = Release|iPhone
		{F8127946-56F0-4E6A-BC7C-8D74E5E9F26F}.Release|iPhoneSimulator.ActiveCfg = Release|iPhoneSimulator
		{F8127946-56F0-4E6A-BC7C-8D74E5E9F26F}.Release|iPhoneSimulator.Build.0 = Release|iPhoneSimulator
		{F8127946-56F0-4E6A-BC7C-8D74E5E9F26F}.Release|iPhoneSimulator.Deploy.0 = Release|iPhoneSimulator
		{F3BF0A41-192A-46C7-A7A4-241975B48128}.Debug|Any CPU.ActiveCfg = Debug|Any CPU
		{F3BF0A41-192A-46C7-A7A4-241975B48128}.Debug|Any CPU.Build.0 = Debug|Any CPU
		{F3BF0A41-192A-46C7-A7A4-241975B48128}.Debug|Any CPU.Deploy.0 = Debug|Any CPU
		{F3BF0A41-192A-46C7-A7A4-241975B48128}.Debug|iPhone.ActiveCfg = Debug|Any CPU
		{F3BF0A41-192A-46C7-A7A4-241975B48128}.Debug|iPhone.Build.0 = Debug|Any CPU
		{F3BF0A41-192A-46C7-A7A4-241975B48128}.Debug|iPhone.Deploy.0 = Debug|Any CPU
		{F3BF0A41-192A-46C7-A7A4-241975B48128}.Debug|iPhoneSimulator.ActiveCfg = Debug|Any CPU
		{F3BF0A41-192A-46C7-A7A4-241975B48128}.Debug|iPhoneSimulator.Build.0 = Debug|Any CPU
		{F3BF0A41-192A-46C7-A7A4-241975B48128}.Debug|iPhoneSimulator.Deploy.0 = Debug|Any CPU
		{F3BF0A41-192A-46C7-A7A4-241975B48128}.Release|Any CPU.ActiveCfg = Release|Any CPU
		{F3BF0A41-192A-46C7-A7A4-241975B48128}.Release|Any CPU.Build.0 = Release|Any CPU
		{F3BF0A41-192A-46C7-A7A4-241975B48128}.Release|Any CPU.Deploy.0 = Release|Any CPU
		{F3BF0A41-192A-46C7-A7A4-241975B48128}.Release|iPhone.ActiveCfg = Release|Any CPU
		{F3BF0A41-192A-46C7-A7A4-241975B48128}.Release|iPhone.Build.0 = Release|Any CPU
		{F3BF0A41-192A-46C7-A7A4-241975B48128}.Release|iPhone.Deploy.0 = Release|Any CPU
		{F3BF0A41-192A-46C7-A7A4-241975B48128}.Release|iPhoneSimulator.ActiveCfg = Release|Any CPU
		{F3BF0A41-192A-46C7-A7A4-241975B48128}.Release|iPhoneSimulator.Build.0 = Release|Any CPU
		{F3BF0A41-192A-46C7-A7A4-241975B48128}.Release|iPhoneSimulator.Deploy.0 = Release|Any CPU
	EndGlobalSection
	GlobalSection(SolutionProperties) = preSolution
		HideSolutionNode = FALSE
	EndGlobalSection
	GlobalSection(ExtensibilityGlobals) = postSolution
		SolutionGuid = {0F694871-CE7E-46D9-B46A-083C242845E8}
	EndGlobalSection
EndGlobal
